
Microsoft Visual Studio Solution File, Format Version 12.00
# Visual Studio Version 16
VisualStudioVersion = 16.0.29009.5
MinimumVisualStudioVersion = 10.0.40219.1
Project("{FAE04EC0-301F-11D3-BF4B-00C04F79EFBC}") = "Im.Access.GraphPortal", "src\Im.Access.GraphPortal\Im.Access.GraphPortal.csproj", "{2BF70DAD-3AE0-4F43-81DC-BE9DFA746743}"
EndProject
Global
	GlobalSection(SolutionConfigurationPlatforms) = preSolution
		Debug|Any CPU = Debug|Any CPU
		Release|Any CPU = Release|Any CPU
	EndGlobalSection
	GlobalSection(ProjectConfigurationPlatforms) = postSolution
		{2BF70DAD-3AE0-4F43-81DC-BE9DFA746743}.Debug|Any CPU.ActiveCfg = Debug|Any CPU
		{2BF70DAD-3AE0-4F43-81DC-BE9DFA746743}.Debug|Any CPU.Build.0 = Debug|Any CPU
		{2BF70DAD-3AE0-4F43-81DC-BE9DFA746743}.Release|Any CPU.ActiveCfg = Release|Any CPU
		{2BF70DAD-3AE0-4F43-81DC-BE9DFA746743}.Release|Any CPU.Build.0 = Release|Any CPU
	EndGlobalSection
	GlobalSection(SolutionProperties) = preSolution
		HideSolutionNode = FALSE
	EndGlobalSection
	GlobalSection(ExtensibilityGlobals) = postSolution
		SolutionGuid = {6D6070B9-AACA-4159-AAC7-BDB1F02C57C3}
	EndGlobalSection
EndGlobal
